
Microsoft Visual Studio Solution File, Format Version 12.00
# Visual Studio Version 17
VisualStudioVersion = 17.10.35004.147
MinimumVisualStudioVersion = 10.0.40219.1
Project("{FAE04EC0-301F-11D3-BF4B-00C04F79EFBC}") = "prs-server", "prs-server\prs-server.csproj", "{D39BEE37-BD57-42F8-B02A-145FEFAC381F}"
EndProject
Global
	GlobalSection(SolutionConfigurationPlatforms) = preSolution
		Debug|Any CPU = Debug|Any CPU
		Release|Any CPU = Release|Any CPU
	EndGlobalSection
	GlobalSection(ProjectConfigurationPlatforms) = postSolution
		{D39BEE37-BD57-42F8-B02A-145FEFAC381F}.Debug|Any CPU.ActiveCfg = Debug|Any CPU
		{D39BEE37-BD57-42F8-B02A-145FEFAC381F}.Debug|Any CPU.Build.0 = Debug|Any CPU
		{D39BEE37-BD57-42F8-B02A-145FEFAC381F}.Release|Any CPU.ActiveCfg = Release|Any CPU
		{D39BEE37-BD57-42F8-B02A-145FEFAC381F}.Release|Any CPU.Build.0 = Release|Any CPU
	EndGlobalSection
	GlobalSection(SolutionProperties) = preSolution
		HideSolutionNode = FALSE
	EndGlobalSection
	GlobalSection(ExtensibilityGlobals) = postSolution
		SolutionGuid = {59F8DA04-2545-4E9C-9409-8981CAC6BAB8}
	EndGlobalSection
EndGlobal
